
Microsoft Visual Studio Solution File, Format Version 12.00
# Visual Studio Version 17
VisualStudioVersion = 17.6.33723.286
MinimumVisualStudioVersion = 10.0.40219.1
Project("{2150E333-8FDC-42A3-9474-1A3956D46DE8}") = "Building Blocks", "Building Blocks", "{F12679CE-2CC3-42A2-83FA-404D64A645C5}"
EndProject
Project("{2150E333-8FDC-42A3-9474-1A3956D46DE8}") = "Services", "Services", "{1A7549A5-76D9-4E4E-941B-432F03A50F81}"
EndProject
Project("{2150E333-8FDC-42A3-9474-1A3956D46DE8}") = "Web", "Web", "{2E2025CA-AAF1-417F-ADA9-C11C4E38792F}"
EndProject
Project("{2150E333-8FDC-42A3-9474-1A3956D46DE8}") = "Identidade", "Identidade", "{D6930278-1795-4698-9F61-012D3D1D687C}"
EndProject
Project("{9A19103F-16F7-4668-BE54-9A1E7A4F7556}") = "NSE.Identidade.API", "src\services\NSE.Identidade.API\NSE.Identidade.API\NSE.Identidade.API.csproj", "{3869993B-B550-49A4-B117-3CADE4B7E61D}"
EndProject
Project("{2150E333-8FDC-42A3-9474-1A3956D46DE8}") = "MVC", "MVC", "{8D22DCA3-CA61-43ED-86DF-861EE3AEB5CE}"
EndProject
Project("{9A19103F-16F7-4668-BE54-9A1E7A4F7556}") = "NSE.WebApp.MVC", "src\web\NSE.WebApp.MVC\NSE.WebApp.MVC.csproj", "{A2B61683-FE58-456D-87B8-B9CB1E7C58F1}"
EndProject
Project("{2150E333-8FDC-42A3-9474-1A3956D46DE8}") = "Core", "Core", "{ABDE1F99-A188-4A40-9B1D-949BE348E786}"
EndProject
Project("{9A19103F-16F7-4668-BE54-9A1E7A4F7556}") = "NSE.Core", "src\building blocks\NSE.Core\NSE.Core.csproj", "{10745747-94BF-44A4-9FFD-7D042942F65B}"
EndProject
Project("{2150E333-8FDC-42A3-9474-1A3956D46DE8}") = "Carrinho", "Carrinho", "{3B279800-7830-4136-A774-4A174C63ADFC}"
EndProject
Project("{2150E333-8FDC-42A3-9474-1A3956D46DE8}") = "Catalogo", "Catalogo", "{1CB6B47E-851F-486F-99AC-7AF4BD260EE6}"
EndProject
Project("{2150E333-8FDC-42A3-9474-1A3956D46DE8}") = "Cliente", "Cliente", "{A9D8ED19-00ED-441C-BE87-5F45F0596D06}"
EndProject
Project("{2150E333-8FDC-42A3-9474-1A3956D46DE8}") = "Pagamento", "Pagamento", "{B7C4A1AF-65DC-47BB-9516-8CD01C32161C}"
EndProject
Project("{2150E333-8FDC-42A3-9474-1A3956D46DE8}") = "Pedido", "Pedido", "{78895D01-E9B0-4036-BC8A-DB75F987F29E}"
EndProject
Project("{9A19103F-16F7-4668-BE54-9A1E7A4F7556}") = "NSE.Carrinho.API", "src\services\NSE.Carrinho.API\NSE.Carrinho.API.csproj", "{FE48F26D-8BCC-469A-A214-C82BFFBB2CA5}"
EndProject
Project("{9A19103F-16F7-4668-BE54-9A1E7A4F7556}") = "NSE.Catalogo.API", "src\services\NSE.Catalogo.API\NSE.Catalogo.API.csproj", "{2641FBCA-BFBD-48B9-878B-98804407AF52}"
EndProject
Project("{9A19103F-16F7-4668-BE54-9A1E7A4F7556}") = "NSE.Cliente.API", "src\services\NSE.Cliente.API\NSE.Cliente.API.csproj", "{ED0AA1BD-ADC5-4DD3-8E04-44D4D6DE452E}"
EndProject
Project("{9A19103F-16F7-4668-BE54-9A1E7A4F7556}") = "NSE.Pagamento.API", "src\services\NSE.Pagamento.API\NSE.Pagamento.API.csproj", "{F116B2C4-E560-4C71-931F-E3249E66D8EF}"
EndProject
Project("{9A19103F-16F7-4668-BE54-9A1E7A4F7556}") = "NSE.Pedido.API", "src\services\NSE.Pedido.API\NSE.Pedido.API.csproj", "{6CC4AC64-5C83-4DB4-9FC2-8968DC29FA3F}"
EndProject
Project("{2150E333-8FDC-42A3-9474-1A3956D46DE8}") = "Services", "Services", "{72585F44-E5D5-4D0E-A25D-D847A64345AA}"
EndProject
Project("{FAE04EC0-301F-11D3-BF4B-00C04F79EFBC}") = "NSE.WebAPI.Core", "src\building blocks\NSE.WebAPI.Core\NSE.WebAPI.Core.csproj", "{EA509445-3E80-4FD0-B314-7D7E01D5A543}"
EndProject
Global
	GlobalSection(SolutionConfigurationPlatforms) = preSolution
		Debug|Any CPU = Debug|Any CPU
		Release|Any CPU = Release|Any CPU
	EndGlobalSection
	GlobalSection(ProjectConfigurationPlatforms) = postSolution
		{3869993B-B550-49A4-B117-3CADE4B7E61D}.Debug|Any CPU.ActiveCfg = Debug|Any CPU
		{3869993B-B550-49A4-B117-3CADE4B7E61D}.Debug|Any CPU.Build.0 = Debug|Any CPU
		{3869993B-B550-49A4-B117-3CADE4B7E61D}.Release|Any CPU.ActiveCfg = Release|Any CPU
		{3869993B-B550-49A4-B117-3CADE4B7E61D}.Release|Any CPU.Build.0 = Release|Any CPU
		{A2B61683-FE58-456D-87B8-B9CB1E7C58F1}.Debug|Any CPU.ActiveCfg = Debug|Any CPU
		{A2B61683-FE58-456D-87B8-B9CB1E7C58F1}.Debug|Any CPU.Build.0 = Debug|Any CPU
		{A2B61683-FE58-456D-87B8-B9CB1E7C58F1}.Release|Any CPU.ActiveCfg = Release|Any CPU
		{A2B61683-FE58-456D-87B8-B9CB1E7C58F1}.Release|Any CPU.Build.0 = Release|Any CPU
		{10745747-94BF-44A4-9FFD-7D042942F65B}.Debug|Any CPU.ActiveCfg = Debug|Any CPU
		{10745747-94BF-44A4-9FFD-7D042942F65B}.Debug|Any CPU.Build.0 = Debug|Any CPU
		{10745747-94BF-44A4-9FFD-7D042942F65B}.Release|Any CPU.ActiveCfg = Release|Any CPU
		{10745747-94BF-44A4-9FFD-7D042942F65B}.Release|Any CPU.Build.0 = Release|Any CPU
		{FE48F26D-8BCC-469A-A214-C82BFFBB2CA5}.Debug|Any CPU.ActiveCfg = Debug|Any CPU
		{FE48F26D-8BCC-469A-A214-C82BFFBB2CA5}.Debug|Any CPU.Build.0 = Debug|Any CPU
		{FE48F26D-8BCC-469A-A214-C82BFFBB2CA5}.Release|Any CPU.ActiveCfg = Release|Any CPU
		{FE48F26D-8BCC-469A-A214-C82BFFBB2CA5}.Release|Any CPU.Build.0 = Release|Any CPU
		{2641FBCA-BFBD-48B9-878B-98804407AF52}.Debug|Any CPU.ActiveCfg = Debug|Any CPU
		{2641FBCA-BFBD-48B9-878B-98804407AF52}.Debug|Any CPU.Build.0 = Debug|Any CPU
		{2641FBCA-BFBD-48B9-878B-98804407AF52}.Release|Any CPU.ActiveCfg = Release|Any CPU
		{2641FBCA-BFBD-48B9-878B-98804407AF52}.Release|Any CPU.Build.0 = Release|Any CPU
		{ED0AA1BD-ADC5-4DD3-8E04-44D4D6DE452E}.Debug|Any CPU.ActiveCfg = Debug|Any CPU
		{ED0AA1BD-ADC5-4DD3-8E04-44D4D6DE452E}.Debug|Any CPU.Build.0 = Debug|Any CPU
		{ED0AA1BD-ADC5-4DD3-8E04-44D4D6DE452E}.Release|Any CPU.ActiveCfg = Release|Any CPU
		{ED0AA1BD-ADC5-4DD3-8E04-44D4D6DE452E}.Release|Any CPU.Build.0 = Release|Any CPU
		{F116B2C4-E560-4C71-931F-E3249E66D8EF}.Debug|Any CPU.ActiveCfg = Debug|Any CPU
		{F116B2C4-E560-4C71-931F-E3249E66D8EF}.Debug|Any CPU.Build.0 = Debug|Any CPU
		{F116B2C4-E560-4C71-931F-E3249E66D8EF}.Release|Any CPU.ActiveCfg = Release|Any CPU
		{F116B2C4-E560-4C71-931F-E3249E66D8EF}.Release|Any CPU.Build.0 = Release|Any CPU
		{6CC4AC64-5C83-4DB4-9FC2-8968DC29FA3F}.Debug|Any CPU.ActiveCfg = Debug|Any CPU
		{6CC4AC64-5C83-4DB4-9FC2-8968DC29FA3F}.Debug|Any CPU.Build.0 = Debug|Any CPU
		{6CC4AC64-5C83-4DB4-9FC2-8968DC29FA3F}.Release|Any CPU.ActiveCfg = Release|Any CPU
		{6CC4AC64-5C83-4DB4-9FC2-8968DC29FA3F}.Release|Any CPU.Build.0 = Release|Any CPU
		{EA509445-3E80-4FD0-B314-7D7E01D5A543}.Debug|Any CPU.ActiveCfg = Debug|Any CPU
		{EA509445-3E80-4FD0-B314-7D7E01D5A543}.Debug|Any CPU.Build.0 = Debug|Any CPU
		{EA509445-3E80-4FD0-B314-7D7E01D5A543}.Release|Any CPU.ActiveCfg = Release|Any CPU
		{EA509445-3E80-4FD0-B314-7D7E01D5A543}.Release|Any CPU.Build.0 = Release|Any CPU
	EndGlobalSection
	GlobalSection(SolutionProperties) = preSolution
		HideSolutionNode = FALSE
	EndGlobalSection
	GlobalSection(NestedProjects) = preSolution
		{D6930278-1795-4698-9F61-012D3D1D687C} = {1A7549A5-76D9-4E4E-941B-432F03A50F81}
		{3869993B-B550-49A4-B117-3CADE4B7E61D} = {D6930278-1795-4698-9F61-012D3D1D687C}
		{8D22DCA3-CA61-43ED-86DF-861EE3AEB5CE} = {2E2025CA-AAF1-417F-ADA9-C11C4E38792F}
		{A2B61683-FE58-456D-87B8-B9CB1E7C58F1} = {8D22DCA3-CA61-43ED-86DF-861EE3AEB5CE}
		{ABDE1F99-A188-4A40-9B1D-949BE348E786} = {F12679CE-2CC3-42A2-83FA-404D64A645C5}
		{10745747-94BF-44A4-9FFD-7D042942F65B} = {ABDE1F99-A188-4A40-9B1D-949BE348E786}
		{3B279800-7830-4136-A774-4A174C63ADFC} = {1A7549A5-76D9-4E4E-941B-432F03A50F81}
		{1CB6B47E-851F-486F-99AC-7AF4BD260EE6} = {1A7549A5-76D9-4E4E-941B-432F03A50F81}
		{A9D8ED19-00ED-441C-BE87-5F45F0596D06} = {1A7549A5-76D9-4E4E-941B-432F03A50F81}
		{B7C4A1AF-65DC-47BB-9516-8CD01C32161C} = {1A7549A5-76D9-4E4E-941B-432F03A50F81}
		{78895D01-E9B0-4036-BC8A-DB75F987F29E} = {1A7549A5-76D9-4E4E-941B-432F03A50F81}
		{FE48F26D-8BCC-469A-A214-C82BFFBB2CA5} = {3B279800-7830-4136-A774-4A174C63ADFC}
		{2641FBCA-BFBD-48B9-878B-98804407AF52} = {1CB6B47E-851F-486F-99AC-7AF4BD260EE6}
		{ED0AA1BD-ADC5-4DD3-8E04-44D4D6DE452E} = {A9D8ED19-00ED-441C-BE87-5F45F0596D06}
		{F116B2C4-E560-4C71-931F-E3249E66D8EF} = {B7C4A1AF-65DC-47BB-9516-8CD01C32161C}
		{6CC4AC64-5C83-4DB4-9FC2-8968DC29FA3F} = {78895D01-E9B0-4036-BC8A-DB75F987F29E}
		{72585F44-E5D5-4D0E-A25D-D847A64345AA} = {F12679CE-2CC3-42A2-83FA-404D64A645C5}
		{EA509445-3E80-4FD0-B314-7D7E01D5A543} = {72585F44-E5D5-4D0E-A25D-D847A64345AA}
	EndGlobalSection
	GlobalSection(ExtensibilityGlobals) = postSolution
		SolutionGuid = {1F4BDC5D-ECEE-4AD6-B3A9-2444E7645CB1}
	EndGlobalSection
EndGlobal
